Microsoft Visual Studio Solution File, Format Version 12.00
# Visual Studio Version 17
VisualStudioVersion = 17.5.2.0
MinimumVisualStudioVersion = 10.0.40219.1
Project("{FAE04EC0-301F-11D3-BF4B-00C04F79EFBC}") = "Autenticacao", "Autenticacao.csproj", "{ADC958A8-1DAB-0E92-9917-F0C1B6009E7F}"
EndProject
Global
	GlobalSection(SolutionConfigurationPlatforms) = preSolution
		Debug|Any CPU = Debug|Any CPU
		Release|Any CPU = Release|Any CPU
	EndGlobalSection
	GlobalSection(ProjectConfigurationPlatforms) = postSolution
		{ADC958A8-1DAB-0E92-9917-F0C1B6009E7F}.Debug|Any CPU.ActiveCfg = Debug|Any CPU
		{ADC958A8-1DAB-0E92-9917-F0C1B6009E7F}.Debug|Any CPU.Build.0 = Debug|Any CPU
		{ADC958A8-1DAB-0E92-9917-F0C1B6009E7F}.Release|Any CPU.ActiveCfg = Release|Any CPU
		{ADC958A8-1DAB-0E92-9917-F0C1B6009E7F}.Release|Any CPU.Build.0 = Release|Any CPU
	EndGlobalSection
	GlobalSection(SolutionProperties) = preSolution
		HideSolutionNode = FALSE
	EndGlobalSection
	GlobalSection(ExtensibilityGlobals) = postSolution
		SolutionGuid = {1232596A-9AA4-4885-A235-5D878BD1E87C}
	EndGlobalSection
EndGlobal
